
Microsoft Visual Studio Solution File, Format Version 11.00
# Visual Studio 2010
Project("{FAE04EC0-301F-11D3-BF4B-00C04F79EFBC}") = "Assembly-CSharp", "Assembly-CSharp.csproj", "{26D77368-E2A0-352E-5537-9AE114A68560}"
EndProject
Project("{FAE04EC0-301F-11D3-BF4B-00C04F79EFBC}") = "Assembly-CSharp-Editor", "Assembly-CSharp-Editor.csproj", "{35D39116-4CA9-F2E0-4206-33D014F2FBFA}"
EndProject
Global
	GlobalSection(SolutionConfigurationPlatforms) = preSolution
		Debug|Any CPU = Debug|Any CPU
		Release|Any CPU = Release|Any CPU
	EndGlobalSection
	GlobalSection(ProjectConfigurationPlatforms) = postSolution
		{26D77368-E2A0-352E-5537-9AE114A68560}.Debug|Any CPU.ActiveCfg = Debug|Any CPU
		{26D77368-E2A0-352E-5537-9AE114A68560}.Debug|Any CPU.Build.0 = Debug|Any CPU
		{26D77368-E2A0-352E-5537-9AE114A68560}.Release|Any CPU.ActiveCfg = Release|Any CPU
		{26D77368-E2A0-352E-5537-9AE114A68560}.Release|Any CPU.Build.0 = Release|Any CPU
		{35D39116-4CA9-F2E0-4206-33D014F2FBFA}.Debug|Any CPU.ActiveCfg = Debug|Any CPU
		{35D39116-4CA9-F2E0-4206-33D014F2FBFA}.Debug|Any CPU.Build.0 = Debug|Any CPU
		{35D39116-4CA9-F2E0-4206-33D014F2FBFA}.Release|Any CPU.ActiveCfg = Release|Any CPU
		{35D39116-4CA9-F2E0-4206-33D014F2FBFA}.Release|Any CPU.Build.0 = Release|Any CPU
	EndGlobalSection
	GlobalSection(SolutionProperties) = preSolution
		HideSolutionNode = FALSE
	EndGlobalSection
	GlobalSection(MonoDevelopProperties) = preSolution
		StartupItem = Assembly-CSharp.csproj
	EndGlobalSection
EndGlobal
